dependencies:
- name: gateway
  repository: file://../gateway
  version: 0.1.0
- name: governance
  repository: file://../governance
  version: 0.1.0
- name: security
  repository: file://../security
  version: 0.1.0
- name: privacy
  repository: file://../privacy
  version: 0.0.0-placeholder
- name: data-foundation
  repository: file://../data-foundation
  version: 0.0.0-placeholder
- name: platform-common
  repository: file://../platform-common
  version: 0.0.0-placeholder
- name: control-plane
  repository: file://../control-plane
  version: 0.0.0-placeholder
- name: infra-dev
  repository: file://../infra-dev
  version: 0.2.0
digest: sha256:fe9edb893631628f95124dccbf66b16c3e33e06811aea3c67da1d8585c53d8ea
generated: "2026-06-23T17:54:01.621237+08:00"
