dependencies:
- name: gateway
  repository: file://../gateway
  version: 0.1.0
- name: governance
  repository: file://../governance
  version: 0.1.0
- name: security
  repository: file://../security
  version: 0.1.0
- name: privacy
  repository: file://../privacy
  version: 0.0.0-placeholder
- name: data-foundation
  repository: file://../data-foundation
  version: 0.1.0
- name: platform-common
  repository: file://../platform-common
  version: 0.1.0
- name: control-plane
  repository: file://../control-plane
  version: 0.1.0
- name: webui
  repository: file://../webui
  version: 0.1.0
- name: infra-dev
  repository: file://../infra-dev
  version: 0.2.0
digest: sha256:69706913437606fd40fec5a34123d33789e18d98935bceb6dc7b89b74c3ac919
generated: "2026-06-23T18:13:05.615646+08:00"
